
Microsoft Visual Studio Solution File, Format Version 12.00
# Visual Studio Version 16
VisualStudioVersion = 16.0.30309.148
MinimumVisualStudioVersion = 10.0.40219.1
Project("{FAE04EC0-301F-11D3-BF4B-00C04F79EFBC}") = "CicloWhile", "CicloWhile\CicloWhile.csproj", "{064C5044-0459-4451-ACF6-559425645D66}"
EndProject
Global
	GlobalSection(SolutionConfigurationPlatforms) = preSolution
		Debug|Any CPU = Debug|Any CPU
		Release|Any CPU = Release|Any CPU
	EndGlobalSection
	GlobalSection(ProjectConfigurationPlatforms) = postSolution
		{064C5044-0459-4451-ACF6-559425645D66}.Debug|Any CPU.ActiveCfg = Debug|Any CPU
		{064C5044-0459-4451-ACF6-559425645D66}.Debug|Any CPU.Build.0 = Debug|Any CPU
		{064C5044-0459-4451-ACF6-559425645D66}.Release|Any CPU.ActiveCfg = Release|Any CPU
		{064C5044-0459-4451-ACF6-559425645D66}.Release|Any CPU.Build.0 = Release|Any CPU
	EndGlobalSection
	GlobalSection(SolutionProperties) = preSolution
		HideSolutionNode = FALSE
	EndGlobalSection
	GlobalSection(ExtensibilityGlobals) = postSolution
		SolutionGuid = {F832A0CA-516C-41C6-8A1C-E67F49985F7C}
	EndGlobalSection
EndGlobal
